
Microsoft Visual Studio Solution File, Format Version 12.00
# Visual Studio Version 16
VisualStudioVersion = 16.0.29503.13
MinimumVisualStudioVersion = 10.0.40219.1
Project("{FAE04EC0-301F-11D3-BF4B-00C04F79EFBC}") = "JingJia.PLCDriver", "JingJia.PLCDriver\JingJia.PLCDriver.csproj", "{47AC0D1A-514A-465E-A1E3-0FDD73CA8A13}"
EndProject
Project("{FAE04EC0-301F-11D3-BF4B-00C04F79EFBC}") = "Jingjia.Connect.RestFulService", "Jingjia.Connect.RestFulService\Jingjia.Connect.RestFulService.csproj", "{5DAA64D5-BFF7-4C25-96B0-6CD9E8DCCC99}"
EndProject
Project("{FAE04EC0-301F-11D3-BF4B-00C04F79EFBC}") = "ConnectService", "ConnectService\ConnectService.csproj", "{E0E547C0-B6DC-4855-9B79-84C6AFE1DDD9}"
EndProject
Project("{FAE04EC0-301F-11D3-BF4B-00C04F79EFBC}") = "Jingjia.PLCModel", "Jingjia.PLCModel\Jingjia.PLCModel.csproj", "{69CC9B13-BDA1-4DE1-B7C0-F13590308D8E}"
EndProject
Project("{FAE04EC0-301F-11D3-BF4B-00C04F79EFBC}") = "JingJia.PLCComm", "JingJia.PLCComm\JingJia.PLCComm.csproj", "{D6468250-0847-49E0-AE1C-22BC38480F78}"
EndProject
Project("{FAE04EC0-301F-11D3-BF4B-00C04F79EFBC}") = "JingJia.PLCCache", "JingJia.PLCCache\JingJia.PLCCache.csproj", "{E6AE2CA0-FB58-4718-B049-D033E360C658}"
EndProject
Global
	GlobalSection(SolutionConfigurationPlatforms) = preSolution
		Debug|Any CPU = Debug|Any CPU
		Debug|Mixed Platforms = Debug|Mixed Platforms
		Debug|x86 = Debug|x86
		Release|Any CPU = Release|Any CPU
		Release|Mixed Platforms = Release|Mixed Platforms
		Release|x86 = Release|x86
	EndGlobalSection
	GlobalSection(ProjectConfigurationPlatforms) = postSolution
		{47AC0D1A-514A-465E-A1E3-0FDD73CA8A13}.Debug|Any CPU.ActiveCfg = Debug|Any CPU
		{47AC0D1A-514A-465E-A1E3-0FDD73CA8A13}.Debug|Any CPU.Build.0 = Debug|Any CPU
		{47AC0D1A-514A-465E-A1E3-0FDD73CA8A13}.Debug|Mixed Platforms.ActiveCfg = Debug|Any CPU
		{47AC0D1A-514A-465E-A1E3-0FDD73CA8A13}.Debug|Mixed Platforms.Build.0 = Debug|Any CPU
		{47AC0D1A-514A-465E-A1E3-0FDD73CA8A13}.Debug|x86.ActiveCfg = Debug|Any CPU
		{47AC0D1A-514A-465E-A1E3-0FDD73CA8A13}.Release|Any CPU.ActiveCfg = Release|Any CPU
		{47AC0D1A-514A-465E-A1E3-0FDD73CA8A13}.Release|Any CPU.Build.0 = Release|Any CPU
		{47AC0D1A-514A-465E-A1E3-0FDD73CA8A13}.Release|Mixed Platforms.ActiveCfg = Release|Any CPU
		{47AC0D1A-514A-465E-A1E3-0FDD73CA8A13}.Release|Mixed Platforms.Build.0 = Release|Any CPU
		{47AC0D1A-514A-465E-A1E3-0FDD73CA8A13}.Release|x86.ActiveCfg = Release|Any CPU
		{5DAA64D5-BFF7-4C25-96B0-6CD9E8DCCC99}.Debug|Any CPU.ActiveCfg = Debug|Any CPU
		{5DAA64D5-BFF7-4C25-96B0-6CD9E8DCCC99}.Debug|Any CPU.Build.0 = Debug|Any CPU
		{5DAA64D5-BFF7-4C25-96B0-6CD9E8DCCC99}.Debug|Mixed Platforms.ActiveCfg = Debug|Any CPU
		{5DAA64D5-BFF7-4C25-96B0-6CD9E8DCCC99}.Debug|Mixed Platforms.Build.0 = Debug|Any CPU
		{5DAA64D5-BFF7-4C25-96B0-6CD9E8DCCC99}.Debug|x86.ActiveCfg = Debug|Any CPU
		{5DAA64D5-BFF7-4C25-96B0-6CD9E8DCCC99}.Debug|x86.Build.0 = Debug|Any CPU
		{5DAA64D5-BFF7-4C25-96B0-6CD9E8DCCC99}.Release|Any CPU.ActiveCfg = Release|Any CPU
		{5DAA64D5-BFF7-4C25-96B0-6CD9E8DCCC99}.Release|Any CPU.Build.0 = Release|Any CPU
		{5DAA64D5-BFF7-4C25-96B0-6CD9E8DCCC99}.Release|Mixed Platforms.ActiveCfg = Release|Any CPU
		{5DAA64D5-BFF7-4C25-96B0-6CD9E8DCCC99}.Release|Mixed Platforms.Build.0 = Release|Any CPU
		{5DAA64D5-BFF7-4C25-96B0-6CD9E8DCCC99}.Release|x86.ActiveCfg = Release|Any CPU
		{5DAA64D5-BFF7-4C25-96B0-6CD9E8DCCC99}.Release|x86.Build.0 = Release|Any CPU
		{E0E547C0-B6DC-4855-9B79-84C6AFE1DDD9}.Debug|Any CPU.ActiveCfg = Debug|Any CPU
		{E0E547C0-B6DC-4855-9B79-84C6AFE1DDD9}.Debug|Any CPU.Build.0 = Debug|Any CPU
		{E0E547C0-B6DC-4855-9B79-84C6AFE1DDD9}.Debug|Mixed Platforms.ActiveCfg = Debug|Any CPU
		{E0E547C0-B6DC-4855-9B79-84C6AFE1DDD9}.Debug|Mixed Platforms.Build.0 = Debug|Any CPU
		{E0E547C0-B6DC-4855-9B79-84C6AFE1DDD9}.Debug|x86.ActiveCfg = Debug|Any CPU
		{E0E547C0-B6DC-4855-9B79-84C6AFE1DDD9}.Debug|x86.Build.0 = Debug|Any CPU
		{E0E547C0-B6DC-4855-9B79-84C6AFE1DDD9}.Release|Any CPU.ActiveCfg = Release|Any CPU
		{E0E547C0-B6DC-4855-9B79-84C6AFE1DDD9}.Release|Any CPU.Build.0 = Release|Any CPU
		{E0E547C0-B6DC-4855-9B79-84C6AFE1DDD9}.Release|Mixed Platforms.ActiveCfg = Release|Any CPU
		{E0E547C0-B6DC-4855-9B79-84C6AFE1DDD9}.Release|Mixed Platforms.Build.0 = Release|Any CPU
		{E0E547C0-B6DC-4855-9B79-84C6AFE1DDD9}.Release|x86.ActiveCfg = Release|Any CPU
		{E0E547C0-B6DC-4855-9B79-84C6AFE1DDD9}.Release|x86.Build.0 = Release|Any CPU
		{69CC9B13-BDA1-4DE1-B7C0-F13590308D8E}.Debug|Any CPU.ActiveCfg = Debug|Any CPU
		{69CC9B13-BDA1-4DE1-B7C0-F13590308D8E}.Debug|Any CPU.Build.0 = Debug|Any CPU
		{69CC9B13-BDA1-4DE1-B7C0-F13590308D8E}.Debug|Mixed Platforms.ActiveCfg = Debug|Any CPU
		{69CC9B13-BDA1-4DE1-B7C0-F13590308D8E}.Debug|Mixed Platforms.Build.0 = Debug|Any CPU
		{69CC9B13-BDA1-4DE1-B7C0-F13590308D8E}.Debug|x86.ActiveCfg = Debug|Any CPU
		{69CC9B13-BDA1-4DE1-B7C0-F13590308D8E}.Debug|x86.Build.0 = Debug|Any CPU
		{69CC9B13-BDA1-4DE1-B7C0-F13590308D8E}.Release|Any CPU.ActiveCfg = Release|Any CPU
		{69CC9B13-BDA1-4DE1-B7C0-F13590308D8E}.Release|Any CPU.Build.0 = Release|Any CPU
		{69CC9B13-BDA1-4DE1-B7C0-F13590308D8E}.Release|Mixed Platforms.ActiveCfg = Release|Any CPU
		{69CC9B13-BDA1-4DE1-B7C0-F13590308D8E}.Release|Mixed Platforms.Build.0 = Release|Any CPU
		{69CC9B13-BDA1-4DE1-B7C0-F13590308D8E}.Release|x86.ActiveCfg = Release|Any CPU
		{69CC9B13-BDA1-4DE1-B7C0-F13590308D8E}.Release|x86.Build.0 = Release|Any CPU
		{D6468250-0847-49E0-AE1C-22BC38480F78}.Debug|Any CPU.ActiveCfg = Debug|Any CPU
		{D6468250-0847-49E0-AE1C-22BC38480F78}.Debug|Any CPU.Build.0 = Debug|Any CPU
		{D6468250-0847-49E0-AE1C-22BC38480F78}.Debug|Mixed Platforms.ActiveCfg = Debug|Any CPU
		{D6468250-0847-49E0-AE1C-22BC38480F78}.Debug|Mixed Platforms.Build.0 = Debug|Any CPU
		{D6468250-0847-49E0-AE1C-22BC38480F78}.Debug|x86.ActiveCfg = Debug|Any CPU
		{D6468250-0847-49E0-AE1C-22BC38480F78}.Debug|x86.Build.0 = Debug|Any CPU
		{D6468250-0847-49E0-AE1C-22BC38480F78}.Release|Any CPU.ActiveCfg = Release|Any CPU
		{D6468250-0847-49E0-AE1C-22BC38480F78}.Release|Any CPU.Build.0 = Release|Any CPU
		{D6468250-0847-49E0-AE1C-22BC38480F78}.Release|Mixed Platforms.ActiveCfg = Release|Any CPU
		{D6468250-0847-49E0-AE1C-22BC38480F78}.Release|Mixed Platforms.Build.0 = Release|Any CPU
		{D6468250-0847-49E0-AE1C-22BC38480F78}.Release|x86.ActiveCfg = Release|Any CPU
		{D6468250-0847-49E0-AE1C-22BC38480F78}.Release|x86.Build.0 = Release|Any CPU
		{E6AE2CA0-FB58-4718-B049-D033E360C658}.Debug|Any CPU.ActiveCfg = Debug|Any CPU
		{E6AE2CA0-FB58-4718-B049-D033E360C658}.Debug|Any CPU.Build.0 = Debug|Any CPU
		{E6AE2CA0-FB58-4718-B049-D033E360C658}.Debug|Mixed Platforms.ActiveCfg = Debug|Any CPU
		{E6AE2CA0-FB58-4718-B049-D033E360C658}.Debug|Mixed Platforms.Build.0 = Debug|Any CPU
		{E6AE2CA0-FB58-4718-B049-D033E360C658}.Debug|x86.ActiveCfg = Debug|Any CPU
		{E6AE2CA0-FB58-4718-B049-D033E360C658}.Debug|x86.Build.0 = Debug|Any CPU
		{E6AE2CA0-FB58-4718-B049-D033E360C658}.Release|Any CPU.ActiveCfg = Release|Any CPU
		{E6AE2CA0-FB58-4718-B049-D033E360C658}.Release|Any CPU.Build.0 = Release|Any CPU
		{E6AE2CA0-FB58-4718-B049-D033E360C658}.Release|Mixed Platforms.ActiveCfg = Release|Any CPU
		{E6AE2CA0-FB58-4718-B049-D033E360C658}.Release|Mixed Platforms.Build.0 = Release|Any CPU
		{E6AE2CA0-FB58-4718-B049-D033E360C658}.Release|x86.ActiveCfg = Release|Any CPU
		{E6AE2CA0-FB58-4718-B049-D033E360C658}.Release|x86.Build.0 = Release|Any CPU
	EndGlobalSection
	GlobalSection(SolutionProperties) = preSolution
		HideSolutionNode = FALSE
	EndGlobalSection
	GlobalSection(ExtensibilityGlobals) = postSolution
		SolutionGuid = {51CEE50E-6904-4415-8FC1-64E0EFA3FA1A}
	EndGlobalSection
EndGlobal
